
Microsoft Visual Studio Solution File, Format Version 12.00
# Visual Studio 14
VisualStudioVersion = 14.0.24720.0
MinimumVisualStudioVersion = 10.0.40219.1
Project("{FAE04EC0-301F-11D3-BF4B-00C04F79EFBC}") = "Erni.Analyzers", "Erni.Analyzers\Erni.Analyzers\Erni.Analyzers.csproj", "{041FA3C3-3AEB-4738-AC3B-D926830C6F83}"
EndProject
Project("{FAE04EC0-301F-11D3-BF4B-00C04F79EFBC}") = "Erni.Analyzers.Test", "Erni.Analyzers\Erni.Analyzers.Test\Erni.Analyzers.Test.csproj", "{2366AF9D-4DB6-458D-B298-0EE2BEB167A3}"
EndProject
Project("{FAE04EC0-301F-11D3-BF4B-00C04F79EFBC}") = "Erni.Analyzers.Vsix", "Erni.Analyzers\Erni.Analyzers.Vsix\Erni.Analyzers.Vsix.csproj", "{599FCF4A-917F-4B5F-AE82-504568C803F4}"
EndProject
Global
	GlobalSection(SolutionConfigurationPlatforms) = preSolution
		Debug|Any CPU = Debug|Any CPU
		Release|Any CPU = Release|Any CPU
	EndGlobalSection
	GlobalSection(ProjectConfigurationPlatforms) = postSolution
		{041FA3C3-3AEB-4738-AC3B-D926830C6F83}.Debug|Any CPU.ActiveCfg = Debug|Any CPU
		{041FA3C3-3AEB-4738-AC3B-D926830C6F83}.Debug|Any CPU.Build.0 = Debug|Any CPU
		{041FA3C3-3AEB-4738-AC3B-D926830C6F83}.Release|Any CPU.ActiveCfg = Release|Any CPU
		{041FA3C3-3AEB-4738-AC3B-D926830C6F83}.Release|Any CPU.Build.0 = Release|Any CPU
		{2366AF9D-4DB6-458D-B298-0EE2BEB167A3}.Debug|Any CPU.ActiveCfg = Debug|Any CPU
		{2366AF9D-4DB6-458D-B298-0EE2BEB167A3}.Debug|Any CPU.Build.0 = Debug|Any CPU
		{2366AF9D-4DB6-458D-B298-0EE2BEB167A3}.Release|Any CPU.ActiveCfg = Release|Any CPU
		{2366AF9D-4DB6-458D-B298-0EE2BEB167A3}.Release|Any CPU.Build.0 = Release|Any CPU
		{599FCF4A-917F-4B5F-AE82-504568C803F4}.Debug|Any CPU.ActiveCfg = Debug|Any CPU
		{599FCF4A-917F-4B5F-AE82-504568C803F4}.Debug|Any CPU.Build.0 = Debug|Any CPU
		{599FCF4A-917F-4B5F-AE82-504568C803F4}.Release|Any CPU.ActiveCfg = Release|Any CPU
		{599FCF4A-917F-4B5F-AE82-504568C803F4}.Release|Any CPU.Build.0 = Release|Any CPU
	EndGlobalSection
	GlobalSection(SolutionProperties) = preSolution
		HideSolutionNode = FALSE
	EndGlobalSection
EndGlobal
